
Microsoft Visual Studio Solution File, Format Version 12.00
# Visual Studio Version 17
VisualStudioVersion = 17.4.33403.182
MinimumVisualStudioVersion = 10.0.40219.1
Project("{FAE04EC0-301F-11D3-BF4B-00C04F79EFBC}") = "Personel_Kayit_Main", "Personel_Kayit_Main\Personel_Kayit_Main.csproj", "{0862D314-BA93-4648-AB03-E42864903CF5}"
EndProject
Global
	GlobalSection(SolutionConfigurationPlatforms) = preSolution
		Debug|Any CPU = Debug|Any CPU
		Release|Any CPU = Release|Any CPU
	EndGlobalSection
	GlobalSection(ProjectConfigurationPlatforms) = postSolution
		{0862D314-BA93-4648-AB03-E42864903CF5}.Debug|Any CPU.ActiveCfg = Debug|Any CPU
		{0862D314-BA93-4648-AB03-E42864903CF5}.Debug|Any CPU.Build.0 = Debug|Any CPU
		{0862D314-BA93-4648-AB03-E42864903CF5}.Release|Any CPU.ActiveCfg = Release|Any CPU
		{0862D314-BA93-4648-AB03-E42864903CF5}.Release|Any CPU.Build.0 = Release|Any CPU
	EndGlobalSection
	GlobalSection(SolutionProperties) = preSolution
		HideSolutionNode = FALSE
	EndGlobalSection
	GlobalSection(ExtensibilityGlobals) = postSolution
		SolutionGuid = {B0511C2C-1E39-4405-9284-B93FB4262111}
	EndGlobalSection
EndGlobal
